{
    "name": "node-udf",
    "version": "0.1.0",
    "lockfileVersion": 1,
    "requires": true,
    "dependencies": {
        "extends-classes": {
            "version": "1.0.5",
            "resolved": "https://registry.npmjs.org/extends-classes/-/extends-classes-1.0.5.tgz",
            "integrity": "sha1-/0bchj/ZFPIV653lqVjJABx0Y2E=",
            "requires": {
                "method-missing": "^1.1.2"
            }
        },
        "method-missing": {
            "version": "1.2.4",
            "resolved": "https://registry.npmjs.org/method-missing/-/method-missing-1.2.4.tgz",
            "integrity": "sha1-H78ZwTbni0ssTh9VQZFfsNWJq+c="
        }
    }
}